
Microsoft Visual Studio Solution File, Format Version 12.00
# Visual Studio 15
VisualStudioVersion = 15.0.27130.2010
MinimumVisualStudioVersion = 10.0.40219.1
Project("{FAE04EC0-301F-11D3-BF4B-00C04F79EFBC}") = "MyWordrobeBL", "MyWordrobeBL\MyWordrobeBL.csproj", "{F088280B-583E-4DE1-8D51-7D18707D4781}"
EndProject
Global
	GlobalSection(SolutionConfigurationPlatforms) = preSolution
		Debug|Any CPU = Debug|Any CPU
		Release|Any CPU = Release|Any CPU
	EndGlobalSection
	GlobalSection(ProjectConfigurationPlatforms) = postSolution
		{F088280B-583E-4DE1-8D51-7D18707D4781}.Debug|Any CPU.ActiveCfg = Debug|Any CPU
		{F088280B-583E-4DE1-8D51-7D18707D4781}.Debug|Any CPU.Build.0 = Debug|Any CPU
		{F088280B-583E-4DE1-8D51-7D18707D4781}.Release|Any CPU.ActiveCfg = Release|Any CPU
		{F088280B-583E-4DE1-8D51-7D18707D4781}.Release|Any CPU.Build.0 = Release|Any CPU
	EndGlobalSection
	GlobalSection(SolutionProperties) = preSolution
		HideSolutionNode = FALSE
	EndGlobalSection
	GlobalSection(ExtensibilityGlobals) = postSolution
		SolutionGuid = {A4FB1757-D8AD-4889-B4CE-86710BE9533C}
	EndGlobalSection
EndGlobal
